
Microsoft Visual Studio Solution File, Format Version 12.00
# Visual Studio 15
VisualStudioVersion = 15.0.28307.852
MinimumVisualStudioVersion = 10.0.40219.1
Project("{FAE04EC0-301F-11D3-BF4B-00C04F79EFBC}") = "QLKTX", "QLKTX\QLKTX.csproj", "{6813CACC-CB85-4605-B059-61A5B0CF6DBA}"
EndProject
Global
	GlobalSection(SolutionConfigurationPlatforms) = preSolution
		Debug|Any CPU = Debug|Any CPU
		Release|Any CPU = Release|Any CPU
	EndGlobalSection
	GlobalSection(ProjectConfigurationPlatforms) = postSolution
		{6813CACC-CB85-4605-B059-61A5B0CF6DBA}.Debug|Any CPU.ActiveCfg = Debug|Any CPU
		{6813CACC-CB85-4605-B059-61A5B0CF6DBA}.Debug|Any CPU.Build.0 = Debug|Any CPU
		{6813CACC-CB85-4605-B059-61A5B0CF6DBA}.Release|Any CPU.ActiveCfg = Release|Any CPU
		{6813CACC-CB85-4605-B059-61A5B0CF6DBA}.Release|Any CPU.Build.0 = Release|Any CPU
	EndGlobalSection
	GlobalSection(SolutionProperties) = preSolution
		HideSolutionNode = FALSE
	EndGlobalSection
	GlobalSection(ExtensibilityGlobals) = postSolution
		SolutionGuid = {F15A95FA-7104-48CE-A268-54B6DD153123}
	EndGlobalSection
EndGlobal
