
Microsoft Visual Studio Solution File, Format Version 12.00
# Visual Studio 15
VisualStudioVersion = 15.0.28307.852
MinimumVisualStudioVersion = 10.0.40219.1
Project("{FAE04EC0-301F-11D3-BF4B-00C04F79EFBC}") = "ConvertMoney", "ConvertMoney\ConvertMoney.csproj", "{3FB5E33B-879B-497E-9F5E-0F42E0653086}"
EndProject
Global
	GlobalSection(SolutionConfigurationPlatforms) = preSolution
		Debug|Any CPU = Debug|Any CPU
		Release|Any CPU = Release|Any CPU
	EndGlobalSection
	GlobalSection(ProjectConfigurationPlatforms) = postSolution
		{3FB5E33B-879B-497E-9F5E-0F42E0653086}.Debug|Any CPU.ActiveCfg = Debug|Any CPU
		{3FB5E33B-879B-497E-9F5E-0F42E0653086}.Debug|Any CPU.Build.0 = Debug|Any CPU
		{3FB5E33B-879B-497E-9F5E-0F42E0653086}.Release|Any CPU.ActiveCfg = Release|Any CPU
		{3FB5E33B-879B-497E-9F5E-0F42E0653086}.Release|Any CPU.Build.0 = Release|Any CPU
	EndGlobalSection
	GlobalSection(SolutionProperties) = preSolution
		HideSolutionNode = FALSE
	EndGlobalSection
	GlobalSection(ExtensibilityGlobals) = postSolution
		SolutionGuid = {D6352FC3-A5F7-4B1F-B234-10892397D390}
	EndGlobalSection
EndGlobal
